
Microsoft Visual Studio Solution File, Format Version 12.00
# Visual Studio Version 17
VisualStudioVersion = 17.2.32526.322
MinimumVisualStudioVersion = 10.0.40219.1
Project("{2150E333-8FDC-42A3-9474-1A3956D46DE8}") = "Identity", "Identity", "{024BDF5D-DA0B-4E2A-AD9A-76D3CA6EF44E}"
EndProject
Project("{2150E333-8FDC-42A3-9474-1A3956D46DE8}") = "Job", "Job", "{CEC62539-CD34-4FC1-904E-2098F4B0B550}"
EndProject
Project("{2150E333-8FDC-42A3-9474-1A3956D46DE8}") = "MicroServices", "MicroServices", "{01344D04-274E-42CE-A258-3156D8B1E37D}"
EndProject
Project("{2150E333-8FDC-42A3-9474-1A3956D46DE8}") = "src", "src", "{F6B095F6-B22E-4730-8CD9-163B64819945}"
EndProject
Project("{2150E333-8FDC-42A3-9474-1A3956D46DE8}") = "ApiGateways", "ApiGateways", "{5522091C-3526-414A-B439-22B41447F601}"
EndProject
Project("{9A19103F-16F7-4668-BE54-9A1E7A4F7556}") = "Identity.Entity.FrameworkCore", "src\MicroServices\Identity\Identity.Entity.FrameworkCore\Identity.Entity.FrameworkCore.csproj", "{303A93D1-A740-4FD2-8991-2B8F10DFC5C2}"
EndProject
Project("{9A19103F-16F7-4668-BE54-9A1E7A4F7556}") = "Job", "src\MicroServices\Job\Job\Job.csproj", "{88938744-1EA2-49C5-920E-7416C63CF321}"
EndProject
Project("{9A19103F-16F7-4668-BE54-9A1E7A4F7556}") = "Job.Entity.FrameworkCore", "src\MicroServices\Job\Job.Entity.FrameworkCore\Job.Entity.FrameworkCore.csproj", "{03214BA3-10B5-47C5-92A9-6BD5EF8C5B39}"
EndProject
Project("{9A19103F-16F7-4668-BE54-9A1E7A4F7556}") = "Identity", "src\MicroServices\Identity\Identity\Identity.csproj", "{E5427188-C9C7-4FDB-82FB-35CDBD7D6951}"
EndProject
Project("{2150E333-8FDC-42A3-9474-1A3956D46DE8}") = "Aggregators", "Aggregators", "{7CEA5258-90B3-4B57-97FF-72C71216206E}"
EndProject
Project("{9A19103F-16F7-4668-BE54-9A1E7A4F7556}") = "Shared", "src\Shared\Shared.csproj", "{658C87FE-FF42-48D4-95A2-2EBB2B0EC3FE}"
EndProject
Project("{E53339B2-1760-4266-BCC7-CA923CBCF16C}") = "docker-compose", "docker-compose.dcproj", "{44061B2C-F4FD-4BA1-8775-E93E87EF1130}"
EndProject
Project("{9A19103F-16F7-4668-BE54-9A1E7A4F7556}") = "TaskNote.Bff", "src\ApiGateways\Aggregators\TaskNote.Bff\TaskNote.Bff.csproj", "{972F8DA8-55F5-4D58-A5F0-E43F531CE642}"
EndProject
Project("{9A19103F-16F7-4668-BE54-9A1E7A4F7556}") = "Identity.Http.Client", "src\MicroServices\Identity\Identity.Http.Client\Identity.Http.Client.csproj", "{4086D057-064D-4107-A171-BDE997BC31A6}"
EndProject
Project("{9A19103F-16F7-4668-BE54-9A1E7A4F7556}") = "Job.Http.Client", "src\MicroServices\Job\Job.Http.Client\Job.Http.Client.csproj", "{058536A7-2D2B-4014-B377-AFB4D2D2F32F}"
EndProject
Project("{9A19103F-16F7-4668-BE54-9A1E7A4F7556}") = "Job.WebApp", "src\MicroServices\Job\Job.WebApp\Job.WebApp.csproj", "{C1C89BEF-4979-4A39-8AC4-92E399FBB860}"
EndProject
Project("{9A19103F-16F7-4668-BE54-9A1E7A4F7556}") = "Identity.WebApi", "src\MicroServices\Identity\Identity.WebApi\Identity.WebApi.csproj", "{056A2024-4343-486F-8B79-0B4638429756}"
EndProject
Global
	GlobalSection(SolutionConfigurationPlatforms) = preSolution
		Debug|Any CPU = Debug|Any CPU
		Release|Any CPU = Release|Any CPU
	EndGlobalSection
	GlobalSection(ProjectConfigurationPlatforms) = postSolution
		{303A93D1-A740-4FD2-8991-2B8F10DFC5C2}.Debug|Any CPU.ActiveCfg = Debug|Any CPU
		{303A93D1-A740-4FD2-8991-2B8F10DFC5C2}.Debug|Any CPU.Build.0 = Debug|Any CPU
		{303A93D1-A740-4FD2-8991-2B8F10DFC5C2}.Release|Any CPU.ActiveCfg = Release|Any CPU
		{303A93D1-A740-4FD2-8991-2B8F10DFC5C2}.Release|Any CPU.Build.0 = Release|Any CPU
		{88938744-1EA2-49C5-920E-7416C63CF321}.Debug|Any CPU.ActiveCfg = Debug|Any CPU
		{88938744-1EA2-49C5-920E-7416C63CF321}.Debug|Any CPU.Build.0 = Debug|Any CPU
		{88938744-1EA2-49C5-920E-7416C63CF321}.Release|Any CPU.ActiveCfg = Release|Any CPU
		{88938744-1EA2-49C5-920E-7416C63CF321}.Release|Any CPU.Build.0 = Release|Any CPU
		{03214BA3-10B5-47C5-92A9-6BD5EF8C5B39}.Debug|Any CPU.ActiveCfg = Debug|Any CPU
		{03214BA3-10B5-47C5-92A9-6BD5EF8C5B39}.Debug|Any CPU.Build.0 = Debug|Any CPU
		{03214BA3-10B5-47C5-92A9-6BD5EF8C5B39}.Release|Any CPU.ActiveCfg = Release|Any CPU
		{03214BA3-10B5-47C5-92A9-6BD5EF8C5B39}.Release|Any CPU.Build.0 = Release|Any CPU
		{E5427188-C9C7-4FDB-82FB-35CDBD7D6951}.Debug|Any CPU.ActiveCfg = Debug|Any CPU
		{E5427188-C9C7-4FDB-82FB-35CDBD7D6951}.Debug|Any CPU.Build.0 = Debug|Any CPU
		{E5427188-C9C7-4FDB-82FB-35CDBD7D6951}.Release|Any CPU.ActiveCfg = Release|Any CPU
		{E5427188-C9C7-4FDB-82FB-35CDBD7D6951}.Release|Any CPU.Build.0 = Release|Any CPU
		{658C87FE-FF42-48D4-95A2-2EBB2B0EC3FE}.Debug|Any CPU.ActiveCfg = Debug|Any CPU
		{658C87FE-FF42-48D4-95A2-2EBB2B0EC3FE}.Debug|Any CPU.Build.0 = Debug|Any CPU
		{658C87FE-FF42-48D4-95A2-2EBB2B0EC3FE}.Release|Any CPU.ActiveCfg = Release|Any CPU
		{658C87FE-FF42-48D4-95A2-2EBB2B0EC3FE}.Release|Any CPU.Build.0 = Release|Any CPU
		{44061B2C-F4FD-4BA1-8775-E93E87EF1130}.Debug|Any CPU.ActiveCfg = Debug|Any CPU
		{44061B2C-F4FD-4BA1-8775-E93E87EF1130}.Debug|Any CPU.Build.0 = Debug|Any CPU
		{44061B2C-F4FD-4BA1-8775-E93E87EF1130}.Release|Any CPU.ActiveCfg = Release|Any CPU
		{44061B2C-F4FD-4BA1-8775-E93E87EF1130}.Release|Any CPU.Build.0 = Release|Any CPU
		{972F8DA8-55F5-4D58-A5F0-E43F531CE642}.Debug|Any CPU.ActiveCfg = Debug|Any CPU
		{972F8DA8-55F5-4D58-A5F0-E43F531CE642}.Debug|Any CPU.Build.0 = Debug|Any CPU
		{972F8DA8-55F5-4D58-A5F0-E43F531CE642}.Release|Any CPU.ActiveCfg = Release|Any CPU
		{972F8DA8-55F5-4D58-A5F0-E43F531CE642}.Release|Any CPU.Build.0 = Release|Any CPU
		{4086D057-064D-4107-A171-BDE997BC31A6}.Debug|Any CPU.ActiveCfg = Debug|Any CPU
		{4086D057-064D-4107-A171-BDE997BC31A6}.Debug|Any CPU.Build.0 = Debug|Any CPU
		{4086D057-064D-4107-A171-BDE997BC31A6}.Release|Any CPU.ActiveCfg = Release|Any CPU
		{4086D057-064D-4107-A171-BDE997BC31A6}.Release|Any CPU.Build.0 = Release|Any CPU
		{058536A7-2D2B-4014-B377-AFB4D2D2F32F}.Debug|Any CPU.ActiveCfg = Debug|Any CPU
		{058536A7-2D2B-4014-B377-AFB4D2D2F32F}.Debug|Any CPU.Build.0 = Debug|Any CPU
		{058536A7-2D2B-4014-B377-AFB4D2D2F32F}.Release|Any CPU.ActiveCfg = Release|Any CPU
		{058536A7-2D2B-4014-B377-AFB4D2D2F32F}.Release|Any CPU.Build.0 = Release|Any CPU
		{C1C89BEF-4979-4A39-8AC4-92E399FBB860}.Debug|Any CPU.ActiveCfg = Debug|Any CPU
		{C1C89BEF-4979-4A39-8AC4-92E399FBB860}.Debug|Any CPU.Build.0 = Debug|Any CPU
		{C1C89BEF-4979-4A39-8AC4-92E399FBB860}.Release|Any CPU.ActiveCfg = Release|Any CPU
		{C1C89BEF-4979-4A39-8AC4-92E399FBB860}.Release|Any CPU.Build.0 = Release|Any CPU
		{056A2024-4343-486F-8B79-0B4638429756}.Debug|Any CPU.ActiveCfg = Debug|Any CPU
		{056A2024-4343-486F-8B79-0B4638429756}.Debug|Any CPU.Build.0 = Debug|Any CPU
		{056A2024-4343-486F-8B79-0B4638429756}.Release|Any CPU.ActiveCfg = Release|Any CPU
		{056A2024-4343-486F-8B79-0B4638429756}.Release|Any CPU.Build.0 = Release|Any CPU
	EndGlobalSection
	GlobalSection(SolutionProperties) = preSolution
		HideSolutionNode = FALSE
	EndGlobalSection
	GlobalSection(NestedProjects) = preSolution
		{024BDF5D-DA0B-4E2A-AD9A-76D3CA6EF44E} = {01344D04-274E-42CE-A258-3156D8B1E37D}
		{CEC62539-CD34-4FC1-904E-2098F4B0B550} = {01344D04-274E-42CE-A258-3156D8B1E37D}
		{01344D04-274E-42CE-A258-3156D8B1E37D} = {F6B095F6-B22E-4730-8CD9-163B64819945}
		{5522091C-3526-414A-B439-22B41447F601} = {F6B095F6-B22E-4730-8CD9-163B64819945}
		{303A93D1-A740-4FD2-8991-2B8F10DFC5C2} = {024BDF5D-DA0B-4E2A-AD9A-76D3CA6EF44E}
		{88938744-1EA2-49C5-920E-7416C63CF321} = {CEC62539-CD34-4FC1-904E-2098F4B0B550}
		{03214BA3-10B5-47C5-92A9-6BD5EF8C5B39} = {CEC62539-CD34-4FC1-904E-2098F4B0B550}
		{E5427188-C9C7-4FDB-82FB-35CDBD7D6951} = {024BDF5D-DA0B-4E2A-AD9A-76D3CA6EF44E}
		{7CEA5258-90B3-4B57-97FF-72C71216206E} = {5522091C-3526-414A-B439-22B41447F601}
		{658C87FE-FF42-48D4-95A2-2EBB2B0EC3FE} = {F6B095F6-B22E-4730-8CD9-163B64819945}
		{972F8DA8-55F5-4D58-A5F0-E43F531CE642} = {7CEA5258-90B3-4B57-97FF-72C71216206E}
		{4086D057-064D-4107-A171-BDE997BC31A6} = {024BDF5D-DA0B-4E2A-AD9A-76D3CA6EF44E}
		{058536A7-2D2B-4014-B377-AFB4D2D2F32F} = {CEC62539-CD34-4FC1-904E-2098F4B0B550}
		{C1C89BEF-4979-4A39-8AC4-92E399FBB860} = {CEC62539-CD34-4FC1-904E-2098F4B0B550}
		{056A2024-4343-486F-8B79-0B4638429756} = {024BDF5D-DA0B-4E2A-AD9A-76D3CA6EF44E}
	EndGlobalSection
	GlobalSection(ExtensibilityGlobals) = postSolution
		SolutionGuid = {8EE8962C-353C-4563-B9CD-408C95CECB73}
	EndGlobalSection
EndGlobal
